
Microsoft Visual Studio Solution File, Format Version 12.00
# Visual Studio 15
VisualStudioVersion = 15.0.27703.2026
MinimumVisualStudioVersion = 10.0.40219.1
Project("{FAE04EC0-301F-11D3-BF4B-00C04F79EFBC}") = "NUSPackerPlus", "NUSPackerPlus\NUSPackerPlus.csproj", "{884A68C7-33F6-44C5-A8AA-B45883C0D113}"
EndProject
Global
	GlobalSection(SolutionConfigurationPlatforms) = preSolution
		Debug|Any CPU = Debug|Any CPU
		Release|Any CPU = Release|Any CPU
	EndGlobalSection
	GlobalSection(ProjectConfigurationPlatforms) = postSolution
		{884A68C7-33F6-44C5-A8AA-B45883C0D113}.Debug|Any CPU.ActiveCfg = Debug|Any CPU
		{884A68C7-33F6-44C5-A8AA-B45883C0D113}.Debug|Any CPU.Build.0 = Debug|Any CPU
		{884A68C7-33F6-44C5-A8AA-B45883C0D113}.Release|Any CPU.ActiveCfg = Release|Any CPU
		{884A68C7-33F6-44C5-A8AA-B45883C0D113}.Release|Any CPU.Build.0 = Release|Any CPU
	EndGlobalSection
	GlobalSection(SolutionProperties) = preSolution
		HideSolutionNode = FALSE
	EndGlobalSection
	GlobalSection(ExtensibilityGlobals) = postSolution
		SolutionGuid = {BB7BE1C4-56A3-4F52-9D09-12222135C21D}
	EndGlobalSection
EndGlobal
